
Microsoft Visual Studio Solution File, Format Version 12.00
# Visual Studio 2015
Project("{FAE04EC0-301F-11D3-BF4B-00C04F79EFBC}") = "Proof_of_Concept", "Proof_of_Concept.csproj", "{AF541109-07F0-D94B-81DE-754693AF5843}"
EndProject
Global
	GlobalSection(SolutionConfigurationPlatforms) = preSolution
		Debug|Any CPU = Debug|Any CPU
		Release|Any CPU = Release|Any CPU
	EndGlobalSection
	GlobalSection(ProjectConfigurationPlatforms) = postSolution
		{AF541109-07F0-D94B-81DE-754693AF5843}.Debug|Any CPU.ActiveCfg = Debug|Any CPU
		{AF541109-07F0-D94B-81DE-754693AF5843}.Debug|Any CPU.Build.0 = Debug|Any CPU
		{AF541109-07F0-D94B-81DE-754693AF5843}.Release|Any CPU.ActiveCfg = Release|Any CPU
		{AF541109-07F0-D94B-81DE-754693AF5843}.Release|Any CPU.Build.0 = Release|Any CPU
	EndGlobalSection
	GlobalSection(SolutionProperties) = preSolution
		HideSolutionNode = FALSE
	EndGlobalSection
EndGlobal
